// !$*UTF8*$!
{
	archiveVersion = 1;
	classes = {
	};
	objectVersion = 56;
	objects = {

/* Begin PBXBuildFile section */
		878E17052C29E73F007C49F8 /* AppDelegate.swift in Sources */ = {isa = PBXBuildFile; fileRef = 878E17042C29E73F007C49F8 /* AppDelegate.swift */; };
		878E17072C29E73F007C49F8 /* SceneDelegate.swift in Sources */ = {isa = PBXBuildFile; fileRef = 878E17062C29E73F007C49F8 /* SceneDelegate.swift */; };
		878E17092C29E73F007C49F8 /* ViewController.swift in Sources */ = {isa = PBXBuildFile; fileRef = 878E17082C29E73F007C49F8 /* ViewController.swift */; };
		878E170C2C29E73F007C49F8 /* Main.storyboard in Resources */ = {isa = PBXBuildFile; fileRef = 878E170A2C29E73F007C49F8 /* Main.storyboard */; };
		878E170E2C29E741007C49F8 /* Assets.xcassets in Resources */ = {isa = PBXBuildFile; fileRef = 878E170D2C29E741007C49F8 /* Assets.xcassets */; };
		878E17112C29E741007C49F8 /* LaunchScreen.storyboard in Resources */ = {isa = PBXBuildFile; fileRef = 878E170F2C29E741007C49F8 /* LaunchScreen.storyboard */; };
		878E171C2C29E741007C49F8 /* TestingLaboratoryTests.swift in Sources */ = {isa = PBXBuildFile; fileRef = 878E171B2C29E741007C49F8 /* TestingLaboratoryTests.swift */; };
		878E17262C29E741007C49F8 /* TestingLaboratoryUITests.swift in Sources */ = {isa = PBXBuildFile; fileRef = 878E17252C29E741007C49F8 /* TestingLaboratoryUITests.swift */; };
		878E17282C29E741007C49F8 /* TestingLaboratoryUITestsLaunchTests.swift in Sources */ = {isa = PBXBuildFile; fileRef = 878E17272C29E741007C49F8 /* TestingLaboratoryUITestsLaunchTests.swift */; };
/* End PBXBuildFile section */

/* Begin PBXContainerItemProxy section */
		878E17182C29E741007C49F8 /* PBXContainerItemProxy */ = {
			isa = PBXContainerItemProxy;
			containerPortal = 878E16F92C29E73F007C49F8 /* Project object */;
			proxyType = 1;
			remoteGlobalIDString = 878E17002C29E73F007C49F8;
			remoteInfo = TestingLaboratory;
		};
		878E17222C29E741007C49F8 /* PBXContainerItemProxy */ = {
			isa = PBXContainerItemProxy;
			containerPortal = 878E16F92C29E73F007C49F8 /* Project object */;
			proxyType = 1;
			remoteGlobalIDString = 878E17002C29E73F007C49F8;
			remoteInfo = TestingLaboratory;
		};
/* End PBXContainerItemProxy section */

/* Begin PBXFileReference section */
		878E17012C29E73F007C49F8 /* TestingLaboratory.app */ = {isa = PBXFileReference; explicitFileType = wrapper.application; includeInIndex = 0; path = TestingLaboratory.app; sourceTree = BUILT_PRODUCTS_DIR; };
		878E17042C29E73F007C49F8 /* AppDelegate.swift */ = {isa = PBXFileReference; lastKnownFileType = sourcecode.swift; path = AppDelegate.swift; sourceTree = "<group>"; };
		878E17062C29E73F007C49F8 /* SceneDelegate.swift */ = {isa = PBXFileReference; lastKnownFileType = sourcecode.swift; path = SceneDelegate.swift; sourceTree = "<group>"; };
		878E17082C29E73F007C49F8 /* ViewController.swift */ = {isa = PBXFileReference; lastKnownFileType = sourcecode.swift; path = ViewController.swift; sourceTree = "<group>"; };
		878E170B2C29E73F007C49F8 /* Base */ = {isa = PBXFileReference; lastKnownFileType = file.storyboard; name = Base; path = Base.lproj/Main.storyboard; sourceTree = "<group>"; };
		878E170D2C29E741007C49F8 /* Assets.xcassets */ = {isa = PBXFileReference; lastKnownFileType = folder.assetcatalog; path = Assets.xcassets; sourceTree = "<group>"; };
		878E17102C29E741007C49F8 /* Base */ = {isa = PBXFileReference; lastKnownFileType = file.storyboard; name = Base; path = Base.lproj/LaunchScreen.storyboard; sourceTree = "<group>"; };
		878E17122C29E741007C49F8 /* Info.plist */ = {isa = PBXFileReference; lastKnownFileType = text.plist.xml; path = Info.plist; sourceTree = "<group>"; };
		878E17172C29E741007C49F8 /* TestingLaboratoryTests.xctest */ = {isa = PBXFileReference; explicitFileType = wrapper.cfbundle; includeInIndex = 0; path = TestingLaboratoryTests.xctest; sourceTree = BUILT_PRODUCTS_DIR; };
		878E171B2C29E741007C49F8 /* TestingLaboratoryTests.swift */ = {isa = PBXFileReference; lastKnownFileType = sourcecode.swift; path = TestingLaboratoryTests.swift; sourceTree = "<group>"; };
		878E17212C29E741007C49F8 /* TestingLaboratoryUITests.xctest */ = {isa = PBXFileReference; explicitFileType = wrapper.cfbundle; includeInIndex = 0; path = TestingLaboratoryUITests.xctest; sourceTree = BUILT_PRODUCTS_DIR; };
		878E17252C29E741007C49F8 /* TestingLaboratoryUITests.swift */ = {isa = PBXFileReference; lastKnownFileType = sourcecode.swift; path = TestingLaboratoryUITests.swift; sourceTree = "<group>"; };
		878E17272C29E741007C49F8 /* TestingLaboratoryUITestsLaunchTests.swift */ = {isa = PBXFileReference; lastKnownFileType = sourcecode.swift; path = TestingLaboratoryUITestsLaunchTests.swift; sourceTree = "<group>"; };
/* End PBXFileReference section */

/* Begin PBXFrameworksBuildPhase section */
		878E16FE2C29E73F007C49F8 /* Frameworks */ = {
			isa = PBXFrameworksBuildPhase;
			buildActionMask = 2147483647;
			files = (
			);
			runOnlyForDeploymentPostprocessing = 0;
		};
		878E17142C29E741007C49F8 /* Frameworks */ = {
			isa = PBXFrameworksBuildPhase;
			buildActionMask = 2147483647;
			files = (
			);
			runOnlyForDeploymentPostprocessing = 0;
		};
		878E171E2C29E741007C49F8 /* Frameworks */ = {
			isa = PBXFrameworksBuildPhase;
			buildActionMask = 2147483647;
			files = (
			);
			runOnlyForDeploymentPostprocessing = 0;
		};
/* End PBXFrameworksBuildPhase section */

/* Begin PBXGroup section */
		878E16F82C29E73F007C49F8 = {
			isa = PBXGroup;
			children = (
				878E17032C29E73F007C49F8 /* TestingLaboratory */,
				878E171A2C29E741007C49F8 /* TestingLaboratoryTests */,
				878E17242C29E741007C49F8 /* TestingLaboratoryUITests */,
				878E17022C29E73F007C49F8 /* Products */,
			);
			sourceTree = "<group>";
		};
		878E17022C29E73F007C49F8 /* Products */ = {
			isa = PBXGroup;
			children = (
				878E17012C29E73F007C49F8 /* TestingLaboratory.app */,
				878E17172C29E741007C49F8 /* TestingLaboratoryTests.xctest */,
				878E17212C29E741007C49F8 /* TestingLaboratoryUITests.xctest */,
			);
			name = Products;
			sourceTree = "<group>";
		};
		878E17032C29E73F007C49F8 /* TestingLaboratory */ = {
			isa = PBXGroup;
			children = (
				878E17042C29E73F007C49F8 /* AppDelegate.swift */,
				878E17062C29E73F007C49F8 /* SceneDelegate.swift */,
				878E17082C29E73F007C49F8 /* ViewController.swift */,
				878E170A2C29E73F007C49F8 /* Main.storyboard */,
				878E170D2C29E741007C49F8 /* Assets.xcassets */,
				878E170F2C29E741007C49F8 /* LaunchScreen.storyboard */,
				878E17122C29E741007C49F8 /* Info.plist */,
			);
			path = TestingLaboratory;
			sourceTree = "<group>";
		};
		878E171A2C29E741007C49F8 /* TestingLaboratoryTests */ = {
			isa = PBXGroup;
			children = (
				878E171B2C29E741007C49F8 /* TestingLaboratoryTests.swift */,
			);
			path = TestingLaboratoryTests;
			sourceTree = "<group>";
		};
		878E17242C29E741007C49F8 /* TestingLaboratoryUITests */ = {
			isa = PBXGroup;
			children = (
				878E17252C29E741007C49F8 /* TestingLaboratoryUITests.swift */,
				878E17272C29E741007C49F8 /* TestingLaboratoryUITestsLaunchTests.swift */,
			);
			path = TestingLaboratoryUITests;
			sourceTree = "<group>";
		};
/* End PBXGroup section */

/* Begin PBXNativeTarget section */
		878E17002C29E73F007C49F8 /* TestingLaboratory */ = {
			isa = PBXNativeTarget;
			buildConfigurationList = 878E172B2C29E741007C49F8 /* Build configuration list for PBXNativeTarget "TestingLaboratory" */;
			buildPhases = (
				878E16FD2C29E73F007C49F8 /* Sources */,
				878E16FE2C29E73F007C49F8 /* Frameworks */,
				878E16FF2C29E73F007C49F8 /* Resources */,
			);
			buildRules = (
			);
			dependencies = (
			);
			name = TestingLaboratory;
			productName = TestingLaboratory;
			productReference = 878E17012C29E73F007C49F8 /* TestingLaboratory.app */;
			productType = "com.apple.product-type.application";
		};
		878E17162C29E741007C49F8 /* TestingLaboratoryTests */ = {
			isa = PBXNativeTarget;
			buildConfigurationList = 878E172E2C29E741007C49F8 /* Build configuration list for PBXNativeTarget "TestingLaboratoryTests" */;
			buildPhases = (
				878E17132C29E741007C49F8 /* Sources */,
				878E17142C29E741007C49F8 /* Frameworks */,
				878E17152C29E741007C49F8 /* Resources */,
			);
			buildRules = (
			);
			dependencies = (
				878E17192C29E741007C49F8 /* PBXTargetDependency */,
			);
			name = TestingLaboratoryTests;
			productName = TestingLaboratoryTests;
			productReference = 878E17172C29E741007C49F8 /* TestingLaboratoryTests.xctest */;
			productType = "com.apple.product-type.bundle.unit-test";
		};
		878E17202C29E741007C49F8 /* TestingLaboratoryUITests */ = {
			isa = PBXNativeTarget;
			buildConfigurationList = 878E17312C29E741007C49F8 /* Build configuration list for PBXNativeTarget "TestingLaboratoryUITests" */;
			buildPhases = (
				878E171D2C29E741007C49F8 /* Sources */,
				878E171E2C29E741007C49F8 /* Frameworks */,
				878E171F2C29E741007C49F8 /* Resources */,
			);
			buildRules = (
			);
			dependencies = (
				878E17232C29E741007C49F8 /* PBXTargetDependency */,
			);
			name = TestingLaboratoryUITests;
			productName = TestingLaboratoryUITests;
			productReference = 878E17212C29E741007C49F8 /* TestingLaboratoryUITests.xctest */;
			productType = "com.apple.product-type.bundle.ui-testing";
		};
/* End PBXNativeTarget section */

/* Begin PBXProject section */
		878E16F92C29E73F007C49F8 /* Project object */ = {
			isa = PBXProject;
			attributes = {
				BuildIndependentTargetsInParallel = 1;
				LastSwiftUpdateCheck = 1500;
				LastUpgradeCheck = 1500;
				TargetAttributes = {
					878E17002C29E73F007C49F8 = {
						CreatedOnToolsVersion = 15.0.1;
					};
					878E17162C29E741007C49F8 = {
						CreatedOnToolsVersion = 15.0.1;
						TestTargetID = 878E17002C29E73F007C49F8;
					};
					878E17202C29E741007C49F8 = {
						CreatedOnToolsVersion = 15.0.1;
						TestTargetID = 878E17002C29E73F007C49F8;
					};
				};
			};
			buildConfigurationList = 878E16FC2C29E73F007C49F8 /* Build configuration list for PBXProject "TestingLaboratory" */;
			compatibilityVersion = "Xcode 14.0";
			developmentRegion = en;
			hasScannedForEncodings = 0;
			knownRegions = (
				en,
				Base,
			);
			mainGroup = 878E16F82C29E73F007C49F8;
			productRefGroup = 878E17022C29E73F007C49F8 /* Products */;
			projectDirPath = "";
			projectRoot = "";
			targets = (
				878E17002C29E73F007C49F8 /* TestingLaboratory */,
				878E17162C29E741007C49F8 /* TestingLaboratoryTests */,
				878E17202C29E741007C49F8 /* TestingLaboratoryUITests */,
			);
		};
/* End PBXProject section */

/* Begin PBXResourcesBuildPhase section */
		878E16FF2C29E73F007C49F8 /* Resources */ = {
			isa = PBXResourcesBuildPhase;
			buildActionMask = 2147483647;
			files = (
				878E17112C29E741007C49F8 /* LaunchScreen.storyboard in Resources */,
				878E170E2C29E741007C49F8 /* Assets.xcassets in Resources */,
				878E170C2C29E73F007C49F8 /* Main.storyboard in Resources */,
			);
			runOnlyForDeploymentPostprocessing = 0;
		};
		878E17152C29E741007C49F8 /* Resources */ = {
			isa = PBXResourcesBuildPhase;
			buildActionMask = 2147483647;
			files = (
			);
			runOnlyForDeploymentPostprocessing = 0;
		};
		878E171F2C29E741007C49F8 /* Resources */ = {
			isa = PBXResourcesBuildPhase;
			buildActionMask = 2147483647;
			files = (
			);
			runOnlyForDeploymentPostprocessing = 0;
		};
/* End PBXResourcesBuildPhase section */

/* Begin PBXSourcesBuildPhase section */
		878E16FD2C29E73F007C49F8 /* Sources */ = {
			isa = PBXSourcesBuildPhase;
			buildActionMask = 2147483647;
			files = (
				878E17092C29E73F007C49F8 /* ViewController.swift in Sources */,
				878E17052C29E73F007C49F8 /* AppDelegate.swift in Sources */,
				878E17072C29E73F007C49F8 /* SceneDelegate.swift in Sources */,
			);
			runOnlyForDeploymentPostprocessing = 0;
		};
		878E17132C29E741007C49F8 /* Sources */ = {
			isa = PBXSourcesBuildPhase;
			buildActionMask = 2147483647;
			files = (
				878E171C2C29E741007C49F8 /* TestingLaboratoryTests.swift in Sources */,
			);
			runOnlyForDeploymentPostprocessing = 0;
		};
		878E171D2C29E741007C49F8 /* Sources */ = {
			isa = PBXSourcesBuildPhase;
			buildActionMask = 2147483647;
			files = (
				878E17282C29E741007C49F8 /* TestingLaboratoryUITestsLaunchTests.swift in Sources */,
				878E17262C29E741007C49F8 /* TestingLaboratoryUITests.swift in Sources */,
			);
			runOnlyForDeploymentPostprocessing = 0;
		};
/* End PBXSourcesBuildPhase section */

/* Begin PBXTargetDependency section */
		878E17192C29E741007C49F8 /* PBXTargetDependency */ = {
			isa = PBXTargetDependency;
			target = 878E17002C29E73F007C49F8 /* TestingLaboratory */;
			targetProxy = 878E17182C29E741007C49F8 /* PBXContainerItemProxy */;
		};
		878E17232C29E741007C49F8 /* PBXTargetDependency */ = {
			isa = PBXTargetDependency;
			target = 878E17002C29E73F007C49F8 /* TestingLaboratory */;
			targetProxy = 878E17222C29E741007C49F8 /* PBXContainerItemProxy */;
		};
/* End PBXTargetDependency section */

/* Begin PBXVariantGroup section */
		878E170A2C29E73F007C49F8 /* Main.storyboard */ = {
			isa = PBXVariantGroup;
			children = (
				878E170B2C29E73F007C49F8 /* Base */,
			);
			name = Main.storyboard;
			sourceTree = "<group>";
		};
		878E170F2C29E741007C49F8 /* LaunchScreen.storyboard */ = {
			isa = PBXVariantGroup;
			children = (
				878E17102C29E741007C49F8 /* Base */,
			);
			name = LaunchScreen.storyboard;
			sourceTree = "<group>";
		};
/* End PBXVariantGroup section */

/* Begin XCBuildConfiguration section */
		878E17292C29E741007C49F8 /* Debug */ = {
			isa = XCBuildConfiguration;
			buildSettings = {
				ALWAYS_SEARCH_USER_PATHS = NO;
				ASSETCATALOG_COMPILER_GENERATE_SWIFT_ASSET_SYMBOL_EXTENSIONS = YES;
				CLANG_ANALYZER_NONNULL = YES;
				CLANG_ANALYZER_NUMBER_OBJECT_CONVERSION = YES_AGGRESSIVE;
				CLANG_CXX_LANGUAGE_STANDARD = "gnu++20";
				CLANG_ENABLE_MODULES = YES;
				CLANG_ENABLE_OBJC_ARC = YES;
				CLANG_ENABLE_OBJC_WEAK = YES;
				CLANG_WARN_BLOCK_CAPTURE_AUTORELEASING = YES;
				CLANG_WARN_BOOL_CONVERSION = YES;
				CLANG_WARN_COMMA = YES;
				CLANG_WARN_CONSTANT_CONVERSION = YES;
				CLANG_WARN_DEPRECATED_OBJC_IMPLEMENTATIONS = YES;
				CLANG_WARN_DIRECT_OBJC_ISA_USAGE = YES_ERROR;
				CLANG_WARN_DOCUMENTATION_COMMENTS = YES;
				CLANG_WARN_EMPTY_BODY = YES;
				CLANG_WARN_ENUM_CONVERSION = YES;
				CLANG_WARN_INFINITE_RECURSION = YES;
				CLANG_WARN_INT_CONVERSION = YES;
				CLANG_WARN_NON_LITERAL_NULL_CONVERSION = YES;
				CLANG_WARN_OBJC_IMPLICIT_RETAIN_SELF = YES;
				CLANG_WARN_OBJC_LITERAL_CONVERSION = YES;
				CLANG_WARN_OBJC_ROOT_CLASS = YES_ERROR;
				CLANG_WARN_QUOTED_INCLUDE_IN_FRAMEWORK_HEADER = YES;
				CLANG_WARN_RANGE_LOOP_ANALYSIS = YES;
				CLANG_WARN_STRICT_PROTOTYPES = YES;
				CLANG_WARN_SUSPICIOUS_MOVE = YES;
				CLANG_WARN_UNGUARDED_AVAILABILITY = YES_AGGRESSIVE;
				CLANG_WARN_UNREACHABLE_CODE = YES;
				CLANG_WARN__DUPLICATE_METHOD_MATCH = YES;
				COPY_PHASE_STRIP = NO;
				DEBUG_INFORMATION_FORMAT = dwarf;
				ENABLE_STRICT_OBJC_MSGSEND = YES;
				ENABLE_TESTABILITY = YES;
				ENABLE_USER_SCRIPT_SANDBOXING = YES;
				GCC_C_LANGUAGE_STANDARD = gnu17;
				GCC_DYNAMIC_NO_PIC = NO;
				GCC_NO_COMMON_BLOCKS = YES;
				GCC_OPTIMIZATION_LEVEL = 0;
				GCC_PREPROCESSOR_DEFINITIONS = (
					"DEBUG=1",
					"$(inherited)",
				);
				GCC_WARN_64_TO_32_BIT_CONVERSION = YES;
				GCC_WARN_ABOUT_RETURN_TYPE = YES_ERROR;
				GCC_WARN_UNDECLARED_SELECTOR = YES;
				GCC_WARN_UNINITIALIZED_AUTOS = YES_AGGRESSIVE;
				GCC_WARN_UNUSED_FUNCTION = YES;
				GCC_WARN_UNUSED_VARIABLE = YES;
				IPHONEOS_DEPLOYMENT_TARGET = 17.0;
				LOCALIZATION_PREFERS_STRING_CATALOGS = YES;
				MTL_ENABLE_DEBUG_INFO = INCLUDE_SOURCE;
				MTL_FAST_MATH = YES;
				ONLY_ACTIVE_ARCH = YES;
				SDKROOT = iphoneos;
				SWIFT_ACTIVE_COMPILATION_CONDITIONS = "DEBUG $(inherited)";
				SWIFT_OPTIMIZATION_LEVEL = "-Onone";
			};
			name = Debug;
		};
		878E172A2C29E741007C49F8 /* Release */ = {
			isa = XCBuildConfiguration;
			buildSettings = {
				ALWAYS_SEARCH_USER_PATHS = NO;
				ASSETCATALOG_COMPILER_GENERATE_SWIFT_ASSET_SYMBOL_EXTENSIONS = YES;
				CLANG_ANALYZER_NONNULL = YES;
				CLANG_ANALYZER_NUMBER_OBJECT_CONVERSION = YES_AGGRESSIVE;
				CLANG_CXX_LANGUAGE_STANDARD = "gnu++20";
				CLANG_ENABLE_MODULES = YES;
				CLANG_ENABLE_OBJC_ARC = YES;
				CLANG_ENABLE_OBJC_WEAK = YES;
				CLANG_WARN_BLOCK_CAPTURE_AUTORELEASING = YES;
				CLANG_WARN_BOOL_CONVERSION = YES;
				CLANG_WARN_COMMA = YES;
				CLANG_WARN_CONSTANT_CONVERSION = YES;
				CLANG_WARN_DEPRECATED_OBJC_IMPLEMENTATIONS = YES;
				CLANG_WARN_DIRECT_OBJC_ISA_USAGE = YES_ERROR;
				CLANG_WARN_DOCUMENTATION_COMMENTS = YES;
				CLANG_WARN_EMPTY_BODY = YES;
				CLANG_WARN_ENUM_CONVERSION = YES;
				CLANG_WARN_INFINITE_RECURSION = YES;
				CLANG_WARN_INT_CONVERSION = YES;
				CLANG_WARN_NON_LITERAL_NULL_CONVERSION = YES;
				CLANG_WARN_OBJC_IMPLICIT_RETAIN_SELF = YES;
				CLANG_WARN_OBJC_LITERAL_CONVERSION = YES;
				CLANG_WARN_OBJC_ROOT_CLASS = YES_ERROR;
				CLANG_WARN_QUOTED_INCLUDE_IN_FRAMEWORK_HEADER = YES;
				CLANG_WARN_RANGE_LOOP_ANALYSIS = YES;
				CLANG_WARN_STRICT_PROTOTYPES = YES;
				CLANG_WARN_SUSPICIOUS_MOVE = YES;
				CLANG_WARN_UNGUARDED_AVAILABILITY = YES_AGGRESSIVE;
				CLANG_WARN_UNREACHABLE_CODE = YES;
				CLANG_WARN__DUPLICATE_METHOD_MATCH = YES;
				COPY_PHASE_STRIP = NO;
				DEBUG_INFORMATION_FORMAT = "dwarf-with-dsym";
				ENABLE_NS_ASSERTIONS = NO;
				ENABLE_STRICT_OBJC_MSGSEND = YES;
				ENABLE_USER_SCRIPT_SANDBOXING = YES;
				GCC_C_LANGUAGE_STANDARD = gnu17;
				GCC_NO_COMMON_BLOCKS = YES;
				GCC_WARN_64_TO_32_BIT_CONVERSION = YES;
				GCC_WARN_ABOUT_RETURN_TYPE = YES_ERROR;
				GCC_WARN_UNDECLARED_SELECTOR = YES;
				GCC_WARN_UNINITIALIZED_AUTOS = YES_AGGRESSIVE;
				GCC_WARN_UNUSED_FUNCTION = YES;
				GCC_WARN_UNUSED_VARIABLE = YES;
				IPHONEOS_DEPLOYMENT_TARGET = 17.0;
				LOCALIZATION_PREFERS_STRING_CATALOGS = YES;
				MTL_ENABLE_DEBUG_INFO = NO;
				MTL_FAST_MATH = YES;
				SDKROOT = iphoneos;
				SWIFT_COMPILATION_MODE = wholemodule;
				VALIDATE_PRODUCT = YES;
			};
			name = Release;
		};
		878E172C2C29E741007C49F8 /* Debug */ = {
			isa = XCBuildConfiguration;
			buildSettings = {
				ASSETCATALOG_COMPILER_APPICON_NAME = AppIcon;
				ASSETCATALOG_COMPILER_GLOBAL_ACCENT_COLOR_NAME = AccentColor;
				CODE_SIGN_STYLE = Automatic;
				CURRENT_PROJECT_VERSION = 1;
				DEVELOPMENT_TEAM = T6DNHAHXG9;
				GENERATE_INFOPLIST_FILE = YES;
				INFOPLIST_FILE = TestingLaboratory/Info.plist;
				INFOPLIST_KEY_UIApplicationSupportsIndirectInputEvents = YES;
				INFOPLIST_KEY_UILaunchStoryboardName = LaunchScreen;
				INFOPLIST_KEY_UIMainStoryboardFile = Main;
				INFOPLIST_KEY_UISupportedInterfaceOrientations_iPad = "UIInterfaceOrientationPortrait UIInterfaceOrientationPortraitUpsideDown UIInterfaceOrientationLandscapeLeft UIInterfaceOrientationLandscapeRight";
				INFOPLIST_KEY_UISupportedInterfaceOrientations_iPhone = "UIInterfaceOrientationPortrait UIInterfaceOrientationLandscapeLeft UIInterfaceOrientationLandscapeRight";
				LD_RUNPATH_SEARCH_PATHS = (
					"$(inherited)",
					"@executable_path/Frameworks",
				);
				MARKETING_VERSION = 1.0;
				PRODUCT_BUNDLE_IDENTIFIER = com.meltsplit.TestingLaboratory;
				PRODUCT_NAME = "$(TARGET_NAME)";
				SWIFT_EMIT_LOC_STRINGS = YES;
				SWIFT_VERSION = 5.0;
				TARGETED_DEVICE_FAMILY = "1,2";
			};
			name = Debug;
		};
		878E172D2C29E741007C49F8 /* Release */ = {
			isa = XCBuildConfiguration;
			buildSettings = {
				ASSETCATALOG_COMPILER_APPICON_NAME = AppIcon;
				ASSETCATALOG_COMPILER_GLOBAL_ACCENT_COLOR_NAME = AccentColor;
				CODE_SIGN_STYLE = Automatic;
				CURRENT_PROJECT_VERSION = 1;
				DEVELOPMENT_TEAM = T6DNHAHXG9;
				GENERATE_INFOPLIST_FILE = YES;
				INFOPLIST_FILE = TestingLaboratory/Info.plist;
				INFOPLIST_KEY_UIApplicationSupportsIndirectInputEvents = YES;
				INFOPLIST_KEY_UILaunchStoryboardName = LaunchScreen;
				INFOPLIST_KEY_UIMainStoryboardFile = Main;
				INFOPLIST_KEY_UISupportedInterfaceOrientations_iPad = "UIInterfaceOrientationPortrait UIInterfaceOrientationPortraitUpsideDown UIInterfaceOrientationLandscapeLeft UIInterfaceOrientationLandscapeRight";
				INFOPLIST_KEY_UISupportedInterfaceOrientations_iPhone = "UIInterfaceOrientationPortrait UIInterfaceOrientationLandscapeLeft UIInterfaceOrientationLandscapeRight";
				LD_RUNPATH_SEARCH_PATHS = (
					"$(inherited)",
					"@executable_path/Frameworks",
				);
				MARKETING_VERSION = 1.0;
				PRODUCT_BUNDLE_IDENTIFIER = com.meltsplit.TestingLaboratory;
				PRODUCT_NAME = "$(TARGET_NAME)";
				SWIFT_EMIT_LOC_STRINGS = YES;
				SWIFT_VERSION = 5.0;
				TARGETED_DEVICE_FAMILY = "1,2";
			};
			name = Release;
		};
		878E172F2C29E741007C49F8 /* Debug */ = {
			isa = XCBuildConfiguration;
			buildSettings = {
				ALWAYS_EMBED_SWIFT_STANDARD_LIBRARIES = YES;
				BUNDLE_LOADER = "$(TEST_HOST)";
				CODE_SIGN_STYLE = Automatic;
				CURRENT_PROJECT_VERSION = 1;
				DEVELOPMENT_TEAM = T6DNHAHXG9;
				GENERATE_INFOPLIST_FILE = YES;
				IPHONEOS_DEPLOYMENT_TARGET = 17.0;
				MARKETING_VERSION = 1.0;
				PRODUCT_BUNDLE_IDENTIFIER = com.meltsplit.TestingLaboratoryTests;
				PRODUCT_NAME = "$(TARGET_NAME)";
				SWIFT_EMIT_LOC_STRINGS = NO;
				SWIFT_VERSION = 5.0;
				TARGETED_DEVICE_FAMILY = "1,2";
				TEST_HOST = "$(BUILT_PRODUCTS_DIR)/TestingLaboratory.app/$(BUNDLE_EXECUTABLE_FOLDER_PATH)/TestingLaboratory";
			};
			name = Debug;
		};
		878E17302C29E741007C49F8 /* Release */ = {
			isa = XCBuildConfiguration;
			buildSettings = {
				ALWAYS_EMBED_SWIFT_STANDARD_LIBRARIES = YES;
				BUNDLE_LOADER = "$(TEST_HOST)";
				CODE_SIGN_STYLE = Automatic;
				CURRENT_PROJECT_VERSION = 1;
				DEVELOPMENT_TEAM = T6DNHAHXG9;
				GENERATE_INFOPLIST_FILE = YES;
				IPHONEOS_DEPLOYMENT_TARGET = 17.0;
				MARKETING_VERSION = 1.0;
				PRODUCT_BUNDLE_IDENTIFIER = com.meltsplit.TestingLaboratoryTests;
				PRODUCT_NAME = "$(TARGET_NAME)";
				SWIFT_EMIT_LOC_STRINGS = NO;
				SWIFT_VERSION = 5.0;
				TARGETED_DEVICE_FAMILY = "1,2";
				TEST_HOST = "$(BUILT_PRODUCTS_DIR)/TestingLaboratory.app/$(BUNDLE_EXECUTABLE_FOLDER_PATH)/TestingLaboratory";
			};
			name = Release;
		};
		878E17322C29E741007C49F8 /* Debug */ = {
			isa = XCBuildConfiguration;
			buildSettings = {
				ALWAYS_EMBED_SWIFT_STANDARD_LIBRARIES = YES;
				CODE_SIGN_STYLE = Automatic;
				CURRENT_PROJECT_VERSION = 1;
				DEVELOPMENT_TEAM = T6DNHAHXG9;
				GENERATE_INFOPLIST_FILE = YES;
				MARKETING_VERSION = 1.0;
				PRODUCT_BUNDLE_IDENTIFIER = com.meltsplit.TestingLaboratoryUITests;
				PRODUCT_NAME = "$(TARGET_NAME)";
				SWIFT_EMIT_LOC_STRINGS = NO;
				SWIFT_VERSION = 5.0;
				TARGETED_DEVICE_FAMILY = "1,2";
				TEST_TARGET_NAME = TestingLaboratory;
			};
			name = Debug;
		};
		878E17332C29E741007C49F8 /* Release */ = {
			isa = XCBuildConfiguration;
			buildSettings = {
				ALWAYS_EMBED_SWIFT_STANDARD_LIBRARIES = YES;
				CODE_SIGN_STYLE = Automatic;
				CURRENT_PROJECT_VERSION = 1;
				DEVELOPMENT_TEAM = T6DNHAHXG9;
				GENERATE_INFOPLIST_FILE = YES;
				MARKETING_VERSION = 1.0;
				PRODUCT_BUNDLE_IDENTIFIER = com.meltsplit.TestingLaboratoryUITests;
				PRODUCT_NAME = "$(TARGET_NAME)";
				SWIFT_EMIT_LOC_STRINGS = NO;
				SWIFT_VERSION = 5.0;
				TARGETED_DEVICE_FAMILY = "1,2";
				TEST_TARGET_NAME = TestingLaboratory;
			};
			name = Release;
		};
/* End XCBuildConfiguration section */

/* Begin XCConfigurationList section */
		878E16FC2C29E73F007C49F8 /* Build configuration list for PBXProject "TestingLaboratory" */ = {
			isa = XCConfigurationList;
			buildConfigurations = (
				878E17292C29E741007C49F8 /* Debug */,
				878E172A2C29E741007C49F8 /* Release */,
			);
			defaultConfigurationIsVisible = 0;
			defaultConfigurationName = Release;
		};
		878E172B2C29E741007C49F8 /* Build configuration list for PBXNativeTarget "TestingLaboratory" */ = {
			isa = XCConfigurationList;
			buildConfigurations = (
				878E172C2C29E741007C49F8 /* Debug */,
				878E172D2C29E741007C49F8 /* Release */,
			);
			defaultConfigurationIsVisible = 0;
			defaultConfigurationName = Release;
		};
		878E172E2C29E741007C49F8 /* Build configuration list for PBXNativeTarget "TestingLaboratoryTests" */ = {
			isa = XCConfigurationList;
			buildConfigurations = (
				878E172F2C29E741007C49F8 /* Debug */,
				878E17302C29E741007C49F8 /* Release */,
			);
			defaultConfigurationIsVisible = 0;
			defaultConfigurationName = Release;
		};
		878E17312C29E741007C49F8 /* Build configuration list for PBXNativeTarget "TestingLaboratoryUITests" */ = {
			isa = XCConfigurationList;
			buildConfigurations = (
				878E17322C29E741007C49F8 /* Debug */,
				878E17332C29E741007C49F8 /* Release */,
			);
			defaultConfigurationIsVisible = 0;
			defaultConfigurationName = Release;
		};
/* End XCConfigurationList section */
	};
	rootObject = 878E16F92C29E73F007C49F8 /* Project object */;
}
